{
  "version": 1,
  "dependencies": {
    "net8.0-windows7.0": {
      "System.Security.Cryptography.Pkcs": {
        "type": "Direct",
        "requested": "[10.0.9, )",
        "resolved": "10.0.9",
        "contentHash": "aud6Ox9eSPayMBNu6qL+Zk7yDB6ShrRxg1aMJ1uPqFTGAFVisrjFeKj6RE9SimjNKcbl+chwmiYIK4b3hvc61A==",
        "dependencies": {
          "Microsoft.Bcl.Cryptography": "10.0.9",
          "System.Formats.Asn1": "10.0.9"
        }
      },
      "Microsoft.Bcl.Cryptography": {
        "type": "Transitive",
        "resolved": "10.0.9",
        "contentHash": "iSljz/oaqFzH7c4mNKwYt8GqK1mxoDMgP0wliKaEF9TejFxyZ3acLopin1v5PAQIa9GE0flOESkwOnik83X0YA==",
        "dependencies": {
          "System.Formats.Asn1": "10.0.9"
        }
      },
      "System.Formats.Asn1": {
        "type": "Transitive",
        "resolved": "10.0.9",
        "contentHash": "8bZO8fKrV3yzHt28pJleimT66buB+xSHxqQl2wOa6IYfn6JQ6VUVh9cdpBTb4mwgAVu7IuX2EW1wywBhXKyeJA=="
      }
    }
  }
}